PODS:
  - PryntTrimmerView (3.0.0)
  - SteviaLayout (4.4.4)
  - YPImagePicker (4.0.0):
    - PryntTrimmerView (~> 3.0.0)
    - SteviaLayout (~> 4.4.1)

DEPENDENCIES:
  - YPImagePicker

SPEC REPOS:
  https://github.com/cocoapods/specs.git:
    - PryntTrimmerView
    - SteviaLayout
    - YPImagePicker

SPEC CHECKSUMS:
  PryntTrimmerView: 53ac64053c7ce63cb3e27f54090f52da0734891d
  SteviaLayout: 523469269059f2c6da02820bb2ff28a5fe0780aa
  YPImagePicker: 8039f89ad79281545fa868486f32d9bf5d65ede1

PODFILE CHECKSUM: 05f5b1770b9df2078d5840c13662f54c09b8ab1c

COCOAPODS: 1.7.1
